
Microsoft Visual Studio Solution File, Format Version 12.00
# Visual Studio Version 16
VisualStudioVersion = 16.0.30406.217
MinimumVisualStudioVersion = 10.0.40219.1
Project("{FAE04EC0-301F-11D3-BF4B-00C04F79EFBC}") = "BOperationsClient_BasharJebry", "BOperationsClient_BasharJebry.csproj", "{840F94F7-5EEF-4496-94C9-610559AA7950}"
EndProject
Global
	GlobalSection(SolutionConfigurationPlatforms) = preSolution
		Debug|Any CPU = Debug|Any CPU
		Release|Any CPU = Release|Any CPU
	EndGlobalSection
	GlobalSection(ProjectConfigurationPlatforms) = postSolution
		{840F94F7-5EEF-4496-94C9-610559AA7950}.Debug|Any CPU.ActiveCfg = Debug|Any CPU
		{840F94F7-5EEF-4496-94C9-610559AA7950}.Debug|Any CPU.Build.0 = Debug|Any CPU
		{840F94F7-5EEF-4496-94C9-610559AA7950}.Release|Any CPU.ActiveCfg = Release|Any CPU
		{840F94F7-5EEF-4496-94C9-610559AA7950}.Release|Any CPU.Build.0 = Release|Any CPU
	EndGlobalSection
	GlobalSection(SolutionProperties) = preSolution
		HideSolutionNode = FALSE
	EndGlobalSection
	GlobalSection(ExtensibilityGlobals) = postSolution
		SolutionGuid = {5C716C5B-3AF6-4798-98FB-0F86057FDB7D}
	EndGlobalSection
EndGlobal
